
Microsoft Visual Studio Solution File, Format Version 12.00
# Visual Studio Version 17
VisualStudioVersion = 17.5.33530.505
MinimumVisualStudioVersion = 10.0.40219.1
Project("{FAE04EC0-301F-11D3-BF4B-00C04F79EFBC}") = "Upload&Download", "Upload&Download\Upload&Download.csproj", "{14F0CB22-3B0C-41BC-860D-93A8E9B39EDB}"
EndProject
Global
	GlobalSection(SolutionConfigurationPlatforms) = preSolution
		Debug|Any CPU = Debug|Any CPU
		Release|Any CPU = Release|Any CPU
	EndGlobalSection
	GlobalSection(ProjectConfigurationPlatforms) = postSolution
		{14F0CB22-3B0C-41BC-860D-93A8E9B39EDB}.Debug|Any CPU.ActiveCfg = Debug|Any CPU
		{14F0CB22-3B0C-41BC-860D-93A8E9B39EDB}.Debug|Any CPU.Build.0 = Debug|Any CPU
		{14F0CB22-3B0C-41BC-860D-93A8E9B39EDB}.Release|Any CPU.ActiveCfg = Release|Any CPU
		{14F0CB22-3B0C-41BC-860D-93A8E9B39EDB}.Release|Any CPU.Build.0 = Release|Any CPU
	EndGlobalSection
	GlobalSection(SolutionProperties) = preSolution
		HideSolutionNode = FALSE
	EndGlobalSection
	GlobalSection(ExtensibilityGlobals) = postSolution
		SolutionGuid = {6B4C0E71-1E39-422B-9B9B-5EDF6F7ECA71}
	EndGlobalSection
EndGlobal
